// !$*UTF8*$!
{
	archiveVersion = 1;
	classes = {
	};
	objectVersion = 46;
	objects = {

/* Begin PBXBuildFile section */
		116E24171A27A1A600F901B5 /* ProblemCell.swift in Sources */ = {isa = PBXBuildFile; fileRef = 116E24161A27A1A600F901B5 /* ProblemCell.swift */; };
		1190B7261A1CAA12005C0BE4 /* RoomDetailsViewController.swift in Sources */ = {isa = PBXBuildFile; fileRef = 1190B7251A1CAA12005C0BE4 /* RoomDetailsViewController.swift */; };
		1195A70B1A33600500CDC551 /* RoomCell.swift in Sources */ = {isa = PBXBuildFile; fileRef = 1195A70A1A33600500CDC551 /* RoomCell.swift */; };
		119791511A1B9FE700F23EE1 /* RoomsViewController.swift in Sources */ = {isa = PBXBuildFile; fileRef = 119791501A1B9FE700F23EE1 /* RoomsViewController.swift */; };
		11CFD6691A366869007A64B4 /* DefaultActivityIndicatorView.swift in Sources */ = {isa = PBXBuildFile; fileRef = 11CFD6681A366869007A64B4 /* DefaultActivityIndicatorView.swift */; };
		11E3EC5A1A2CB6D8004BC39A /* Alamofire.framework in Frameworks */ = {isa = PBXBuildFile; fileRef = 11E3EC591A2CB6D8004BC39A /* Alamofire.framework */; };
		11E3EC5B1A2CB6D8004BC39A /* Alamofire.framework in Embed Frameworks */ = {isa = PBXBuildFile; fileRef = 11E3EC591A2CB6D8004BC39A /* Alamofire.framework */; settings = {ATTRIBUTES = (CodeSignOnCopy, RemoveHeadersOnCopy, ); }; };
		11E3EC5E1A2CC01C004BC39A /* Router.swift in Sources */ = {isa = PBXBuildFile; fileRef = 11E3EC5D1A2CC01C004BC39A /* Router.swift */; };
		11E3EC651A2E0EAF004BC39A /* SwiftyJSON.framework in Frameworks */ = {isa = PBXBuildFile; fileRef = 11E3EC641A2E0EAF004BC39A /* SwiftyJSON.framework */; };
		11E3EC661A2E0EAF004BC39A /* SwiftyJSON.framework in Embed Frameworks */ = {isa = PBXBuildFile; fileRef = 11E3EC641A2E0EAF004BC39A /* SwiftyJSON.framework */; settings = {ATTRIBUTES = (CodeSignOnCopy, RemoveHeadersOnCopy, ); }; };
		11E3EC6E1A2E2D9B004BC39A /* Alamofire-SwiftyJSON.swift in Sources */ = {isa = PBXBuildFile; fileRef = 11E3EC6D1A2E2D9B004BC39A /* Alamofire-SwiftyJSON.swift */; };
		11EF7CC31A0CCB2600E3CCDD /* AppDelegate.swift in Sources */ = {isa = PBXBuildFile; fileRef = 11EF7CC21A0CCB2600E3CCDD /* AppDelegate.swift */; };
		11EF7CC51A0CCB2600E3CCDD /* ConnectViewController.swift in Sources */ = {isa = PBXBuildFile; fileRef = 11EF7CC41A0CCB2600E3CCDD /* ConnectViewController.swift */; };
		11EF7CC81A0CCB2600E3CCDD /* Main.storyboard in Resources */ = {isa = PBXBuildFile; fileRef = 11EF7CC61A0CCB2600E3CCDD /* Main.storyboard */; };
		11EF7CCA1A0CCB2600E3CCDD /* Images.xcassets in Resources */ = {isa = PBXBuildFile; fileRef = 11EF7CC91A0CCB2600E3CCDD /* Images.xcassets */; };
		11EF7CCD1A0CCB2600E3CCDD /* LaunchScreen.xib in Resources */ = {isa = PBXBuildFile; fileRef = 11EF7CCB1A0CCB2600E3CCDD /* LaunchScreen.xib */; };
		11EF7CD91A0CCB2600E3CCDD /* ProblemHuntTests.swift in Sources */ = {isa = PBXBuildFile; fileRef = 11EF7CD81A0CCB2600E3CCDD /* ProblemHuntTests.swift */; };
		11EF7CE71A0F789100E3CCDD /* ProblemHuntService.swift in Sources */ = {isa = PBXBuildFile; fileRef = 11EF7CE61A0F789100E3CCDD /* ProblemHuntService.swift */; };
		11FCE1001A23718600294DC0 /* Room.swift in Sources */ = {isa = PBXBuildFile; fileRef = 11FCE0FF1A23718600294DC0 /* Room.swift */; };
		11FCE1031A2381E400294DC0 /* Problem.swift in Sources */ = {isa = PBXBuildFile; fileRef = 11FCE1021A2381E400294DC0 /* Problem.swift */; };
		B30D0A6AF336DE60EB3F4E94 /* libPods-ProblemHunt.a in Frameworks */ = {isa = PBXBuildFile; fileRef = 77385393BA58BD15970BFA61 /* libPods-ProblemHunt.a */; };
/* End PBXBuildFile section */

/* Begin PBXContainerItemProxy section */
		11EF7CD31A0CCB2600E3CCDD /* PBXContainerItemProxy */ = {
			isa = PBXContainerItemProxy;
			containerPortal = 11EF7CB51A0CCB2600E3CCDD /* Project object */;
			proxyType = 1;
			remoteGlobalIDString = 11EF7CBC1A0CCB2600E3CCDD;
			remoteInfo = ProblemHunt;
		};
/* End PBXContainerItemProxy section */

/* Begin PBXCopyFilesBuildPhase section */
		11E3EC5C1A2CB6D8004BC39A /* Embed Frameworks */ = {
			isa = PBXCopyFilesBuildPhase;
			buildActionMask = 2147483647;
			dstPath = "";
			dstSubfolderSpec = 10;
			files = (
				11E3EC661A2E0EAF004BC39A /* SwiftyJSON.framework in Embed Frameworks */,
				11E3EC5B1A2CB6D8004BC39A /* Alamofire.framework in Embed Frameworks */,
			);
			name = "Embed Frameworks";
			runOnlyForDeploymentPostprocessing = 0;
		};
/* End PBXCopyFilesBuildPhase section */

/* Begin PBXFileReference section */
		116E24161A27A1A600F901B5 /* ProblemCell.swift */ = {isa = PBXFileReference; fileEncoding = 4; lastKnownFileType = sourcecode.swift; path = ProblemCell.swift; sourceTree = "<group>"; };
		1190B7251A1CAA12005C0BE4 /* RoomDetailsViewController.swift */ = {isa = PBXFileReference; fileEncoding = 4; lastKnownFileType = sourcecode.swift; path = RoomDetailsViewController.swift; sourceTree = "<group>"; };
		1190B7271A1CAB6A005C0BE4 /* ProblemHunt-Bridging-Header.h */ = {isa = PBXFileReference; lastKnownFileType = sourcecode.c.h; path = "ProblemHunt-Bridging-Header.h"; sourceTree = "<group>"; };
		1195A70A1A33600500CDC551 /* RoomCell.swift */ = {isa = PBXFileReference; fileEncoding = 4; lastKnownFileType = sourcecode.swift; path = RoomCell.swift; sourceTree = "<group>"; };
		119791501A1B9FE700F23EE1 /* RoomsViewController.swift */ = {isa = PBXFileReference; fileEncoding = 4; lastKnownFileType = sourcecode.swift; path = RoomsViewController.swift; sourceTree = "<group>"; };
		11CFD6681A366869007A64B4 /* DefaultActivityIndicatorView.swift */ = {isa = PBXFileReference; fileEncoding = 4; lastKnownFileType = sourcecode.swift; path = DefaultActivityIndicatorView.swift; sourceTree = "<group>"; };
		11E3EC541A2CB059004BC39A /* Cartfile */ = {isa = PBXFileReference; lastKnownFileType = text; path = Cartfile; sourceTree = "<group>"; };
		11E3EC591A2CB6D8004BC39A /* Alamofire.framework */ = {isa = PBXFileReference; lastKnownFileType = wrapper.framework; name = Alamofire.framework; path = Carthage.build/iOS/Alamofire.framework; sourceTree = "<group>"; };
		11E3EC5D1A2CC01C004BC39A /* Router.swift */ = {isa = PBXFileReference; fileEncoding = 4; lastKnownFileType = sourcecode.swift; path = Router.swift; sourceTree = "<group>"; };
		11E3EC641A2E0EAF004BC39A /* SwiftyJSON.framework */ = {isa = PBXFileReference; lastKnownFileType = wrapper.framework; name = SwiftyJSON.framework; path = Carthage.build/iOS/SwiftyJSON.framework; sourceTree = "<group>"; };
		11E3EC6D1A2E2D9B004BC39A /* Alamofire-SwiftyJSON.swift */ = {isa = PBXFileReference; fileEncoding = 4; lastKnownFileType = sourcecode.swift; path = "Alamofire-SwiftyJSON.swift"; sourceTree = "<group>"; };
		11EF7CBD1A0CCB2600E3CCDD /* ProblemHunt.app */ = {isa = PBXFileReference; explicitFileType = wrapper.application; includeInIndex = 0; path = ProblemHunt.app; sourceTree = BUILT_PRODUCTS_DIR; };
		11EF7CC11A0CCB2600E3CCDD /* Info.plist */ = {isa = PBXFileReference; lastKnownFileType = text.plist.xml; path = Info.plist; sourceTree = "<group>"; };
		11EF7CC21A0CCB2600E3CCDD /* AppDelegate.swift */ = {isa = PBXFileReference; lastKnownFileType = sourcecode.swift; path = AppDelegate.swift; sourceTree = "<group>"; };
		11EF7CC41A0CCB2600E3CCDD /* ConnectViewController.swift */ = {isa = PBXFileReference; lastKnownFileType = sourcecode.swift; path = ConnectViewController.swift; sourceTree = "<group>"; };
		11EF7CC71A0CCB2600E3CCDD /* Base */ = {isa = PBXFileReference; lastKnownFileType = file.storyboard; name = Base; path = Base.lproj/Main.storyboard; sourceTree = "<group>"; };
		11EF7CC91A0CCB2600E3CCDD /* Images.xcassets */ = {isa = PBXFileReference; lastKnownFileType = folder.assetcatalog; path = Images.xcassets; sourceTree = "<group>"; };
		11EF7CCC1A0CCB2600E3CCDD /* Base */ = {isa = PBXFileReference; lastKnownFileType = file.xib; name = Base; path = Base.lproj/LaunchScreen.xib; sourceTree = "<group>"; };
		11EF7CD21A0CCB2600E3CCDD /* ProblemHuntTests.xctest */ = {isa = PBXFileReference; explicitFileType = wrapper.cfbundle; includeInIndex = 0; path = ProblemHuntTests.xctest; sourceTree = BUILT_PRODUCTS_DIR; };
		11EF7CD71A0CCB2600E3CCDD /* Info.plist */ = {isa = PBXFileReference; lastKnownFileType = text.plist.xml; path = Info.plist; sourceTree = "<group>"; };
		11EF7CD81A0CCB2600E3CCDD /* ProblemHuntTests.swift */ = {isa = PBXFileReference; lastKnownFileType = sourcecode.swift; path = ProblemHuntTests.swift; sourceTree = "<group>"; };
		11EF7CE61A0F789100E3CCDD /* ProblemHuntService.swift */ = {isa = PBXFileReference; fileEncoding = 4; lastKnownFileType = sourcecode.swift; path = ProblemHuntService.swift; sourceTree = "<group>"; };
		11FCE0FF1A23718600294DC0 /* Room.swift */ = {isa = PBXFileReference; fileEncoding = 4; lastKnownFileType = sourcecode.swift; path = Room.swift; sourceTree = "<group>"; };
		11FCE1021A2381E400294DC0 /* Problem.swift */ = {isa = PBXFileReference; fileEncoding = 4; lastKnownFileType = sourcecode.swift; path = Problem.swift; sourceTree = "<group>"; };
		322ED48D795EE27E182CC57F /* Pods-ProblemHunt.release.xcconfig */ = {isa = PBXFileReference; includeInIndex = 1; lastKnownFileType = text.xcconfig; name = "Pods-ProblemHunt.release.xcconfig"; path = "Pods/Target Support Files/Pods-ProblemHunt/Pods-ProblemHunt.release.xcconfig"; sourceTree = "<group>"; };
		4FEEB66E41507316E1D1B01E /* Pods-ProblemHunt.debug.xcconfig */ = {isa = PBXFileReference; includeInIndex = 1; lastKnownFileType = text.xcconfig; name = "Pods-ProblemHunt.debug.xcconfig"; path = "Pods/Target Support Files/Pods-ProblemHunt/Pods-ProblemHunt.debug.xcconfig"; sourceTree = "<group>"; };
		77385393BA58BD15970BFA61 /* libPods-ProblemHunt.a */ = {isa = PBXFileReference; explicitFileType = archive.ar; includeInIndex = 0; path = "libPods-ProblemHunt.a"; sourceTree = BUILT_PRODUCTS_DIR; };
/* End PBXFileReference section */

/* Begin PBXFrameworksBuildPhase section */
		11EF7CBA1A0CCB2600E3CCDD /* Frameworks */ = {
			isa = PBXFrameworksBuildPhase;
			buildActionMask = 2147483647;
			files = (
				B30D0A6AF336DE60EB3F4E94 /* libPods-ProblemHunt.a in Frameworks */,
				11E3EC5A1A2CB6D8004BC39A /* Alamofire.framework in Frameworks */,
				11E3EC651A2E0EAF004BC39A /* SwiftyJSON.framework in Frameworks */,
			);
			runOnlyForDeploymentPostprocessing = 0;
		};
		11EF7CCF1A0CCB2600E3CCDD /* Frameworks */ = {
			isa = PBXFrameworksBuildPhase;
			buildActionMask = 2147483647;
			files = (
			);
			runOnlyForDeploymentPostprocessing = 0;
		};
/* End PBXFrameworksBuildPhase section */

/* Begin PBXGroup section */
		116E24121A262B1900F901B5 /* Models */ = {
			isa = PBXGroup;
			children = (
				11FCE1021A2381E400294DC0 /* Problem.swift */,
				11FCE0FF1A23718600294DC0 /* Room.swift */,
			);
			name = Models;
			sourceTree = "<group>";
		};
		116E24131A262B2500F901B5 /* Controllers */ = {
			isa = PBXGroup;
			children = (
				11EF7CC41A0CCB2600E3CCDD /* ConnectViewController.swift */,
				119791501A1B9FE700F23EE1 /* RoomsViewController.swift */,
				1190B7251A1CAA12005C0BE4 /* RoomDetailsViewController.swift */,
			);
			name = Controllers;
			sourceTree = "<group>";
		};
		116E24141A262B2E00F901B5 /* Services */ = {
			isa = PBXGroup;
			children = (
				11EF7CE61A0F789100E3CCDD /* ProblemHuntService.swift */,
				11E3EC5D1A2CC01C004BC39A /* Router.swift */,
			);
			name = Services;
			sourceTree = "<group>";
		};
		116E24181A27A1AB00F901B5 /* Views */ = {
			isa = PBXGroup;
			children = (
				116E24161A27A1A600F901B5 /* ProblemCell.swift */,
				1195A70A1A33600500CDC551 /* RoomCell.swift */,
				11CFD6681A366869007A64B4 /* DefaultActivityIndicatorView.swift */,
			);
			name = Views;
			sourceTree = "<group>";
		};
		11E3EC6C1A2E2D7F004BC39A /* Vendor */ = {
			isa = PBXGroup;
			children = (
				11E3EC6D1A2E2D9B004BC39A /* Alamofire-SwiftyJSON.swift */,
			);
			name = Vendor;
			sourceTree = "<group>";
		};
		11EF7CB41A0CCB2600E3CCDD = {
			isa = PBXGroup;
			children = (
				11E3EC541A2CB059004BC39A /* Cartfile */,
				11EF7CBF1A0CCB2600E3CCDD /* ProblemHunt */,
				11E3EC6C1A2E2D7F004BC39A /* Vendor */,
				11EF7CD51A0CCB2600E3CCDD /* ProblemHuntTests */,
				11EF7CBE1A0CCB2600E3CCDD /* Products */,
				2BE0A70F40711B5B0F4F16F4 /* Pods */,
				F51F112509D259DFB9563EE8 /* Frameworks */,
			);
			sourceTree = "<group>";
		};
		11EF7CBE1A0CCB2600E3CCDD /* Products */ = {
			isa = PBXGroup;
			children = (
				11EF7CBD1A0CCB2600E3CCDD /* ProblemHunt.app */,
				11EF7CD21A0CCB2600E3CCDD /* ProblemHuntTests.xctest */,
			);
			name = Products;
			sourceTree = "<group>";
		};
		11EF7CBF1A0CCB2600E3CCDD /* ProblemHunt */ = {
			isa = PBXGroup;
			children = (
				11EF7CC21A0CCB2600E3CCDD /* AppDelegate.swift */,
				116E24141A262B2E00F901B5 /* Services */,
				116E24121A262B1900F901B5 /* Models */,
				116E24181A27A1AB00F901B5 /* Views */,
				116E24131A262B2500F901B5 /* Controllers */,
				11EF7CC61A0CCB2600E3CCDD /* Main.storyboard */,
				11EF7CC91A0CCB2600E3CCDD /* Images.xcassets */,
				11EF7CCB1A0CCB2600E3CCDD /* LaunchScreen.xib */,
				1190B7271A1CAB6A005C0BE4 /* ProblemHunt-Bridging-Header.h */,
				11EF7CC01A0CCB2600E3CCDD /* Supporting Files */,
			);
			path = ProblemHunt;
			sourceTree = "<group>";
		};
		11EF7CC01A0CCB2600E3CCDD /* Supporting Files */ = {
			isa = PBXGroup;
			children = (
				11EF7CC11A0CCB2600E3CCDD /* Info.plist */,
			);
			name = "Supporting Files";
			sourceTree = "<group>";
		};
		11EF7CD51A0CCB2600E3CCDD /* ProblemHuntTests */ = {
			isa = PBXGroup;
			children = (
				11EF7CD81A0CCB2600E3CCDD /* ProblemHuntTests.swift */,
				11EF7CD61A0CCB2600E3CCDD /* Supporting Files */,
			);
			path = ProblemHuntTests;
			sourceTree = "<group>";
		};
		11EF7CD61A0CCB2600E3CCDD /* Supporting Files */ = {
			isa = PBXGroup;
			children = (
				11EF7CD71A0CCB2600E3CCDD /* Info.plist */,
			);
			name = "Supporting Files";
			sourceTree = "<group>";
		};
		2BE0A70F40711B5B0F4F16F4 /* Pods */ = {
			isa = PBXGroup;
			children = (
				4FEEB66E41507316E1D1B01E /* Pods-ProblemHunt.debug.xcconfig */,
				322ED48D795EE27E182CC57F /* Pods-ProblemHunt.release.xcconfig */,
			);
			name = Pods;
			sourceTree = "<group>";
		};
		F51F112509D259DFB9563EE8 /* Frameworks */ = {
			isa = PBXGroup;
			children = (
				11E3EC641A2E0EAF004BC39A /* SwiftyJSON.framework */,
				11E3EC591A2CB6D8004BC39A /* Alamofire.framework */,
				77385393BA58BD15970BFA61 /* libPods-ProblemHunt.a */,
			);
			name = Frameworks;
			sourceTree = "<group>";
		};
/* End PBXGroup section */

/* Begin PBXNativeTarget section */
		11EF7CBC1A0CCB2600E3CCDD /* ProblemHunt */ = {
			isa = PBXNativeTarget;
			buildConfigurationList = 11EF7CDC1A0CCB2600E3CCDD /* Build configuration list for PBXNativeTarget "ProblemHunt" */;
			buildPhases = (
				4A7C2B1F64E231AC26AEB501 /* Check Pods Manifest.lock */,
				11EF7CB91A0CCB2600E3CCDD /* Sources */,
				11EF7CBA1A0CCB2600E3CCDD /* Frameworks */,
				11EF7CBB1A0CCB2600E3CCDD /* Resources */,
				03EECAA0B43AECDF3C756612 /* Copy Pods Resources */,
				11E3EC5C1A2CB6D8004BC39A /* Embed Frameworks */,
				11CFD66A1A374E34007A64B4 /* ShellScript */,
			);
			buildRules = (
			);
			dependencies = (
			);
			name = ProblemHunt;
			productName = ProblemHunt;
			productReference = 11EF7CBD1A0CCB2600E3CCDD /* ProblemHunt.app */;
			productType = "com.apple.product-type.application";
		};
		11EF7CD11A0CCB2600E3CCDD /* ProblemHuntTests */ = {
			isa = PBXNativeTarget;
			buildConfigurationList = 11EF7CDF1A0CCB2600E3CCDD /* Build configuration list for PBXNativeTarget "ProblemHuntTests" */;
			buildPhases = (
				11EF7CCE1A0CCB2600E3CCDD /* Sources */,
				11EF7CCF1A0CCB2600E3CCDD /* Frameworks */,
				11EF7CD01A0CCB2600E3CCDD /* Resources */,
			);
			buildRules = (
			);
			dependencies = (
				11EF7CD41A0CCB2600E3CCDD /* PBXTargetDependency */,
			);
			name = ProblemHuntTests;
			productName = ProblemHuntTests;
			productReference = 11EF7CD21A0CCB2600E3CCDD /* ProblemHuntTests.xctest */;
			productType = "com.apple.product-type.bundle.unit-test";
		};
/* End PBXNativeTarget section */

/* Begin PBXProject section */
		11EF7CB51A0CCB2600E3CCDD /* Project object */ = {
			isa = PBXProject;
			attributes = {
				LastUpgradeCheck = 0610;
				ORGANIZATIONNAME = "Arnaud Mesureur";
				TargetAttributes = {
					11EF7CBC1A0CCB2600E3CCDD = {
						CreatedOnToolsVersion = 6.1;
						DevelopmentTeam = 8P9YJUJ4R2;
					};
					11EF7CD11A0CCB2600E3CCDD = {
						CreatedOnToolsVersion = 6.1;
						TestTargetID = 11EF7CBC1A0CCB2600E3CCDD;
					};
				};
			};
			buildConfigurationList = 11EF7CB81A0CCB2600E3CCDD /* Build configuration list for PBXProject "ProblemHunt" */;
			compatibilityVersion = "Xcode 3.2";
			developmentRegion = English;
			hasScannedForEncodings = 0;
			knownRegions = (
				en,
				Base,
			);
			mainGroup = 11EF7CB41A0CCB2600E3CCDD;
			productRefGroup = 11EF7CBE1A0CCB2600E3CCDD /* Products */;
			projectDirPath = "";
			projectRoot = "";
			targets = (
				11EF7CBC1A0CCB2600E3CCDD /* ProblemHunt */,
				11EF7CD11A0CCB2600E3CCDD /* ProblemHuntTests */,
			);
		};
/* End PBXProject section */

/* Begin PBXResourcesBuildPhase section */
		11EF7CBB1A0CCB2600E3CCDD /* Resources */ = {
			isa = PBXResourcesBuildPhase;
			buildActionMask = 2147483647;
			files = (
				11EF7CC81A0CCB2600E3CCDD /* Main.storyboard in Resources */,
				11EF7CCD1A0CCB2600E3CCDD /* LaunchScreen.xib in Resources */,
				11EF7CCA1A0CCB2600E3CCDD /* Images.xcassets in Resources */,
			);
			runOnlyForDeploymentPostprocessing = 0;
		};
		11EF7CD01A0CCB2600E3CCDD /* Resources */ = {
			isa = PBXResourcesBuildPhase;
			buildActionMask = 2147483647;
			files = (
			);
			runOnlyForDeploymentPostprocessing = 0;
		};
/* End PBXResourcesBuildPhase section */

/* Begin PBXShellScriptBuildPhase section */
		03EECAA0B43AECDF3C756612 /* Copy Pods Resources */ = {
			isa = PBXShellScriptBuildPhase;
			buildActionMask = 2147483647;
			files = (
			);
			inputPaths = (
			);
			name = "Copy Pods Resources";
			outputPaths = (
			);
			runOnlyForDeploymentPostprocessing = 0;
			shellPath = /bin/sh;
			shellScript = "\"${SRCROOT}/Pods/Target Support Files/Pods-ProblemHunt/Pods-ProblemHunt-resources.sh\"\n";
			showEnvVarsInLog = 0;
		};
		11CFD66A1A374E34007A64B4 /* ShellScript */ = {
			isa = PBXShellScriptBuildPhase;
			buildActionMask = 2147483647;
			files = (
			);
			inputPaths = (
			);
			outputPaths = (
			);
			runOnlyForDeploymentPostprocessing = 0;
			shellPath = /bin/sh;
			shellScript = "SCRIPT=`/usr/bin/find \"${SRCROOT}\" -name newrelic_postbuild.sh | head -n 1`\n\n/bin/sh \"${SCRIPT}\" \"AA74fa02fb1d905c5473c5604a6096ea32b62a0211\"";
		};
		4A7C2B1F64E231AC26AEB501 /* Check Pods Manifest.lock */ = {
			isa = PBXShellScriptBuildPhase;
			buildActionMask = 2147483647;
			files = (
			);
			inputPaths = (
			);
			name = "Check Pods Manifest.lock";
			outputPaths = (
			);
			runOnlyForDeploymentPostprocessing = 0;
			shellPath = /bin/sh;
			shellScript = "diff \"${PODS_ROOT}/../Podfile.lock\" \"${PODS_ROOT}/Manifest.lock\" > /dev/null\nif [[ $? != 0 ]] ; then\n    cat << EOM\nerror: The sandbox is not in sync with the Podfile.lock. Run 'pod install' or update your CocoaPods installation.\nEOM\n    exit 1\nfi\n";
			showEnvVarsInLog = 0;
		};
/* End PBXShellScriptBuildPhase section */

/* Begin PBXSourcesBuildPhase section */
		11EF7CB91A0CCB2600E3CCDD /* Sources */ = {
			isa = PBXSourcesBuildPhase;
			buildActionMask = 2147483647;
			files = (
				11FCE1031A2381E400294DC0 /* Problem.swift in Sources */,
				1190B7261A1CAA12005C0BE4 /* RoomDetailsViewController.swift in Sources */,
				11E3EC6E1A2E2D9B004BC39A /* Alamofire-SwiftyJSON.swift in Sources */,
				11EF7CE71A0F789100E3CCDD /* ProblemHuntService.swift in Sources */,
				11FCE1001A23718600294DC0 /* Room.swift in Sources */,
				11E3EC5E1A2CC01C004BC39A /* Router.swift in Sources */,
				1195A70B1A33600500CDC551 /* RoomCell.swift in Sources */,
				11EF7CC51A0CCB2600E3CCDD /* ConnectViewController.swift in Sources */,
				116E24171A27A1A600F901B5 /* ProblemCell.swift in Sources */,
				119791511A1B9FE700F23EE1 /* RoomsViewController.swift in Sources */,
				11EF7CC31A0CCB2600E3CCDD /* AppDelegate.swift in Sources */,
				11CFD6691A366869007A64B4 /* DefaultActivityIndicatorView.swift in Sources */,
			);
			runOnlyForDeploymentPostprocessing = 0;
		};
		11EF7CCE1A0CCB2600E3CCDD /* Sources */ = {
			isa = PBXSourcesBuildPhase;
			buildActionMask = 2147483647;
			files = (
				11EF7CD91A0CCB2600E3CCDD /* ProblemHuntTests.swift in Sources */,
			);
			runOnlyForDeploymentPostprocessing = 0;
		};
/* End PBXSourcesBuildPhase section */

/* Begin PBXTargetDependency section */
		11EF7CD41A0CCB2600E3CCDD /* PBXTargetDependency */ = {
			isa = PBXTargetDependency;
			target = 11EF7CBC1A0CCB2600E3CCDD /* ProblemHunt */;
			targetProxy = 11EF7CD31A0CCB2600E3CCDD /* PBXContainerItemProxy */;
		};
/* End PBXTargetDependency section */

/* Begin PBXVariantGroup section */
		11EF7CC61A0CCB2600E3CCDD /* Main.storyboard */ = {
			isa = PBXVariantGroup;
			children = (
				11EF7CC71A0CCB2600E3CCDD /* Base */,
			);
			name = Main.storyboard;
			sourceTree = "<group>";
		};
		11EF7CCB1A0CCB2600E3CCDD /* LaunchScreen.xib */ = {
			isa = PBXVariantGroup;
			children = (
				11EF7CCC1A0CCB2600E3CCDD /* Base */,
			);
			name = LaunchScreen.xib;
			sourceTree = "<group>";
		};
/* End PBXVariantGroup section */

/* Begin XCBuildConfiguration section */
		11EF7CDA1A0CCB2600E3CCDD /* Debug */ = {
			isa = XCBuildConfiguration;
			buildSettings = {
				ALWAYS_SEARCH_USER_PATHS = NO;
				CLANG_CXX_LANGUAGE_STANDARD = "gnu++0x";
				CLANG_CXX_LIBRARY = "libc++";
				CLANG_ENABLE_MODULES = YES;
				CLANG_ENABLE_OBJC_ARC = YES;
				CLANG_WARN_BOOL_CONVERSION = YES;
				CLANG_WARN_CONSTANT_CONVERSION = YES;
				CLANG_WARN_DIRECT_OBJC_ISA_USAGE = YES_ERROR;
				CLANG_WARN_EMPTY_BODY = YES;
				CLANG_WARN_ENUM_CONVERSION = YES;
				CLANG_WARN_INT_CONVERSION = YES;
				CLANG_WARN_OBJC_ROOT_CLASS = YES_ERROR;
				CLANG_WARN_UNREACHABLE_CODE = YES;
				CLANG_WARN__DUPLICATE_METHOD_MATCH = YES;
				"CODE_SIGN_IDENTITY[sdk=iphoneos*]" = "iPhone Developer";
				COPY_PHASE_STRIP = NO;
				ENABLE_STRICT_OBJC_MSGSEND = YES;
				GCC_C_LANGUAGE_STANDARD = gnu99;
				GCC_DYNAMIC_NO_PIC = NO;
				GCC_OPTIMIZATION_LEVEL = 0;
				GCC_PREPROCESSOR_DEFINITIONS = (
					"DEBUG=1",
					"$(inherited)",
				);
				GCC_SYMBOLS_PRIVATE_EXTERN = NO;
				GCC_WARN_64_TO_32_BIT_CONVERSION = YES;
				GCC_WARN_ABOUT_RETURN_TYPE = YES_ERROR;
				GCC_WARN_UNDECLARED_SELECTOR = YES;
				GCC_WARN_UNINITIALIZED_AUTOS = YES_AGGRESSIVE;
				GCC_WARN_UNUSED_FUNCTION = YES;
				GCC_WARN_UNUSED_VARIABLE = YES;
				IPHONEOS_DEPLOYMENT_TARGET = 8.1;
				MTL_ENABLE_DEBUG_INFO = YES;
				ONLY_ACTIVE_ARCH = YES;
				SDKROOT = iphoneos;
				SWIFT_OPTIMIZATION_LEVEL = "-Onone";
				TARGETED_DEVICE_FAMILY = "1,2";
			};
			name = Debug;
		};
		11EF7CDB1A0CCB2600E3CCDD /* Release */ = {
			isa = XCBuildConfiguration;
			buildSettings = {
				ALWAYS_SEARCH_USER_PATHS = NO;
				CLANG_CXX_LANGUAGE_STANDARD = "gnu++0x";
				CLANG_CXX_LIBRARY = "libc++";
				CLANG_ENABLE_MODULES = YES;
				CLANG_ENABLE_OBJC_ARC = YES;
				CLANG_WARN_BOOL_CONVERSION = YES;
				CLANG_WARN_CONSTANT_CONVERSION = YES;
				CLANG_WARN_DIRECT_OBJC_ISA_USAGE = YES_ERROR;
				CLANG_WARN_EMPTY_BODY = YES;
				CLANG_WARN_ENUM_CONVERSION = YES;
				CLANG_WARN_INT_CONVERSION = YES;
				CLANG_WARN_OBJC_ROOT_CLASS = YES_ERROR;
				CLANG_WARN_UNREACHABLE_CODE = YES;
				CLANG_WARN__DUPLICATE_METHOD_MATCH = YES;
				"CODE_SIGN_IDENTITY[sdk=iphoneos*]" = "iPhone Developer";
				COPY_PHASE_STRIP = YES;
				ENABLE_NS_ASSERTIONS = NO;
				ENABLE_STRICT_OBJC_MSGSEND = YES;
				GCC_C_LANGUAGE_STANDARD = gnu99;
				GCC_WARN_64_TO_32_BIT_CONVERSION = YES;
				GCC_WARN_ABOUT_RETURN_TYPE = YES_ERROR;
				GCC_WARN_UNDECLARED_SELECTOR = YES;
				GCC_WARN_UNINITIALIZED_AUTOS = YES_AGGRESSIVE;
				GCC_WARN_UNUSED_FUNCTION = YES;
				GCC_WARN_UNUSED_VARIABLE = YES;
				IPHONEOS_DEPLOYMENT_TARGET = 8.1;
				MTL_ENABLE_DEBUG_INFO = NO;
				SDKROOT = iphoneos;
				TARGETED_DEVICE_FAMILY = "1,2";
				VALIDATE_PRODUCT = YES;
			};
			name = Release;
		};
		11EF7CDD1A0CCB2600E3CCDD /* Debug */ = {
			isa = XCBuildConfiguration;
			baseConfigurationReference = 4FEEB66E41507316E1D1B01E /* Pods-ProblemHunt.debug.xcconfig */;
			buildSettings = {
				ASSETCATALOG_COMPILER_APPICON_NAME = AppIcon;
				CODE_SIGN_IDENTITY = "iPhone Developer";
				"CODE_SIGN_IDENTITY[sdk=iphoneos*]" = "iPhone Developer";
				FRAMEWORK_SEARCH_PATHS = (
					"$(inherited)",
					"$(PROJECT_DIR)",
					"$(PROJECT_DIR)/Carthage.build/iOS",
				);
				INFOPLIST_FILE = ProblemHunt/Info.plist;
				LD_RUNPATH_SEARCH_PATHS = "$(inherited) @executable_path/Frameworks";
				PRODUCT_NAME = "$(TARGET_NAME)";
				PROVISIONING_PROFILE = "";
				SWIFT_OBJC_BRIDGING_HEADER = "ProblemHunt/ProblemHunt-Bridging-Header.h";
				TARGETED_DEVICE_FAMILY = 1;
			};
			name = Debug;
		};
		11EF7CDE1A0CCB2600E3CCDD /* Release */ = {
			isa = XCBuildConfiguration;
			baseConfigurationReference = 322ED48D795EE27E182CC57F /* Pods-ProblemHunt.release.xcconfig */;
			buildSettings = {
				ASSETCATALOG_COMPILER_APPICON_NAME = AppIcon;
				CODE_SIGN_IDENTITY = "iPhone Developer";
				"CODE_SIGN_IDENTITY[sdk=iphoneos*]" = "iPhone Developer";
				FRAMEWORK_SEARCH_PATHS = (
					"$(inherited)",
					"$(PROJECT_DIR)",
					"$(PROJECT_DIR)/Carthage.build/iOS",
				);
				INFOPLIST_FILE = ProblemHunt/Info.plist;
				LD_RUNPATH_SEARCH_PATHS = "$(inherited) @executable_path/Frameworks";
				PRODUCT_NAME = "$(TARGET_NAME)";
				PROVISIONING_PROFILE = "";
				SWIFT_OBJC_BRIDGING_HEADER = "ProblemHunt/ProblemHunt-Bridging-Header.h";
				TARGETED_DEVICE_FAMILY = 1;
			};
			name = Release;
		};
		11EF7CE01A0CCB2600E3CCDD /* Debug */ = {
			isa = XCBuildConfiguration;
			buildSettings = {
				BUNDLE_LOADER = "$(TEST_HOST)";
				FRAMEWORK_SEARCH_PATHS = (
					"$(SDKROOT)/Developer/Library/Frameworks",
					"$(inherited)",
				);
				GCC_PREPROCESSOR_DEFINITIONS = (
					"DEBUG=1",
					"$(inherited)",
				);
				INFOPLIST_FILE = ProblemHuntTests/Info.plist;
				LD_RUNPATH_SEARCH_PATHS = "$(inherited) @executable_path/Frameworks @loader_path/Frameworks";
				PRODUCT_NAME = "$(TARGET_NAME)";
				TEST_HOST = "$(BUILT_PRODUCTS_DIR)/ProblemHunt.app/ProblemHunt";
			};
			name = Debug;
		};
		11EF7CE11A0CCB2600E3CCDD /* Release */ = {
			isa = XCBuildConfiguration;
			buildSettings = {
				BUNDLE_LOADER = "$(TEST_HOST)";
				FRAMEWORK_SEARCH_PATHS = (
					"$(SDKROOT)/Developer/Library/Frameworks",
					"$(inherited)",
				);
				INFOPLIST_FILE = ProblemHuntTests/Info.plist;
				LD_RUNPATH_SEARCH_PATHS = "$(inherited) @executable_path/Frameworks @loader_path/Frameworks";
				PRODUCT_NAME = "$(TARGET_NAME)";
				TEST_HOST = "$(BUILT_PRODUCTS_DIR)/ProblemHunt.app/ProblemHunt";
			};
			name = Release;
		};
/* End XCBuildConfiguration section */

/* Begin XCConfigurationList section */
		11EF7CB81A0CCB2600E3CCDD /* Build configuration list for PBXProject "ProblemHunt" */ = {
			isa = XCConfigurationList;
			buildConfigurations = (
				11EF7CDA1A0CCB2600E3CCDD /* Debug */,
				11EF7CDB1A0CCB2600E3CCDD /* Release */,
			);
			defaultConfigurationIsVisible = 0;
			defaultConfigurationName = Release;
		};
		11EF7CDC1A0CCB2600E3CCDD /* Build configuration list for PBXNativeTarget "ProblemHunt" */ = {
			isa = XCConfigurationList;
			buildConfigurations = (
				11EF7CDD1A0CCB2600E3CCDD /* Debug */,
				11EF7CDE1A0CCB2600E3CCDD /* Release */,
			);
			defaultConfigurationIsVisible = 0;
			defaultConfigurationName = Release;
		};
		11EF7CDF1A0CCB2600E3CCDD /* Build configuration list for PBXNativeTarget "ProblemHuntTests" */ = {
			isa = XCConfigurationList;
			buildConfigurations = (
				11EF7CE01A0CCB2600E3CCDD /* Debug */,
				11EF7CE11A0CCB2600E3CCDD /* Release */,
			);
			defaultConfigurationIsVisible = 0;
			defaultConfigurationName = Release;
		};
/* End XCConfigurationList section */
	};
	rootObject = 11EF7CB51A0CCB2600E3CCDD /* Project object */;
}
